
Microsoft Visual Studio Solution File, Format Version 12.00
# Visual Studio 14
VisualStudioVersion = 14.0.24720.0
MinimumVisualStudioVersion = 10.0.40219.1
Project("{FAE04EC0-301F-11D3-BF4B-00C04F79EFBC}") = "Common", "Common\Common.csproj", "{45DAFBB8-09AE-4ABF-89BD-E200133553BE}"
EndProject
Project("{FAE04EC0-301F-11D3-BF4B-00C04F79EFBC}") = "StockExchange", "StockExchange\StockExchange.csproj", "{708047C0-F6AA-472A-A755-F3ABD55B6A38}"
EndProject
Global
	GlobalSection(SolutionConfigurationPlatforms) = preSolution
		Debug|Any CPU = Debug|Any CPU
		Release|Any CPU = Release|Any CPU
	EndGlobalSection
	GlobalSection(ProjectConfigurationPlatforms) = postSolution
		{45DAFBB8-09AE-4ABF-89BD-E200133553BE}.Debug|Any CPU.ActiveCfg = Debug|Any CPU
		{45DAFBB8-09AE-4ABF-89BD-E200133553BE}.Debug|Any CPU.Build.0 = Debug|Any CPU
		{45DAFBB8-09AE-4ABF-89BD-E200133553BE}.Release|Any CPU.ActiveCfg = Release|Any CPU
		{45DAFBB8-09AE-4ABF-89BD-E200133553BE}.Release|Any CPU.Build.0 = Release|Any CPU
		{708047C0-F6AA-472A-A755-F3ABD55B6A38}.Debug|Any CPU.ActiveCfg = Debug|Any CPU
		{708047C0-F6AA-472A-A755-F3ABD55B6A38}.Debug|Any CPU.Build.0 = Debug|Any CPU
		{708047C0-F6AA-472A-A755-F3ABD55B6A38}.Release|Any CPU.ActiveCfg = Release|Any CPU
		{708047C0-F6AA-472A-A755-F3ABD55B6A38}.Release|Any CPU.Build.0 = Release|Any CPU
	EndGlobalSection
	GlobalSection(SolutionProperties) = preSolution
		HideSolutionNode = FALSE
	EndGlobalSection
EndGlobal
